
Microsoft Visual Studio Solution File, Format Version 12.00
# Visual Studio Version 17
VisualStudioVersion = 17.3.32804.467
MinimumVisualStudioVersion = 10.0.40219.1
Project("{FAE04EC0-301F-11D3-BF4B-00C04F79EFBC}") = "System_Repair", "System_Repair\System_Repair.csproj", "{B87A5D9C-DEF8-48D0-BE08-4D1BE115CCBB}"
EndProject
Global
	GlobalSection(SolutionConfigurationPlatforms) = preSolution
		Debug|Any CPU = Debug|Any CPU
		Release|Any CPU = Release|Any CPU
	EndGlobalSection
	GlobalSection(ProjectConfigurationPlatforms) = postSolution
		{B87A5D9C-DEF8-48D0-BE08-4D1BE115CCBB}.Debug|Any CPU.ActiveCfg = Debug|Any CPU
		{B87A5D9C-DEF8-48D0-BE08-4D1BE115CCBB}.Debug|Any CPU.Build.0 = Debug|Any CPU
		{B87A5D9C-DEF8-48D0-BE08-4D1BE115CCBB}.Release|Any CPU.ActiveCfg = Release|Any CPU
		{B87A5D9C-DEF8-48D0-BE08-4D1BE115CCBB}.Release|Any CPU.Build.0 = Release|Any CPU
	EndGlobalSection
	GlobalSection(SolutionProperties) = preSolution
		HideSolutionNode = FALSE
	EndGlobalSection
	GlobalSection(ExtensibilityGlobals) = postSolution
		SolutionGuid = {AB492C7E-427E-4F64-8ED7-45E06BA97375}
	EndGlobalSection
EndGlobal
